
Microsoft Visual Studio Solution File, Format Version 12.00
# Visual Studio Version 17
VisualStudioVersion = 17.14.36221.1 d17.14
MinimumVisualStudioVersion = 10.0.40219.1
Project("{FAE04EC0-301F-11D3-BF4B-00C04F79EFBC}") = "Division Helper", "Division Helper\Division Helper.csproj", "{3EC7C007-48E2-4A61-8AE8-32E8F98C11A4}"
EndProject
Project("{FAE04EC0-301F-11D3-BF4B-00C04F79EFBC}") = "Get Student Info", "Get Student Info\Get Student Info.csproj", "{CFF2778B-048C-44CB-8076-0D39BA1246BC}"
EndProject
Project("{FAE04EC0-301F-11D3-BF4B-00C04F79EFBC}") = "Array Statistics", "Array Statistics\Array Statistics.csproj", "{042F7F3B-4344-421F-AB8B-D1B3CF9A5EF3}"
EndProject
Project("{FAE04EC0-301F-11D3-BF4B-00C04F79EFBC}") = "Modify Array Values with ref and out", "Modify Array Values with ref and out\Modify Array Values with ref and out.csproj", "{92C2B5C5-F2C2-405F-846C-93261E89F6B5}"
EndProject
Project("{FAE04EC0-301F-11D3-BF4B-00C04F79EFBC}") = "Separate Even and Odd Numbers", "Separate Even and Odd Numbers\Separate Even and Odd Numbers.csproj", "{83E0CAD7-7D6D-4EA3-874F-83671FF65509}"
EndProject
Global
	GlobalSection(SolutionConfigurationPlatforms) = preSolution
		Debug|Any CPU = Debug|Any CPU
		Release|Any CPU = Release|Any CPU
	EndGlobalSection
	GlobalSection(ProjectConfigurationPlatforms) = postSolution
		{3EC7C007-48E2-4A61-8AE8-32E8F98C11A4}.Debug|Any CPU.ActiveCfg = Debug|Any CPU
		{3EC7C007-48E2-4A61-8AE8-32E8F98C11A4}.Debug|Any CPU.Build.0 = Debug|Any CPU
		{3EC7C007-48E2-4A61-8AE8-32E8F98C11A4}.Release|Any CPU.ActiveCfg = Release|Any CPU
		{3EC7C007-48E2-4A61-8AE8-32E8F98C11A4}.Release|Any CPU.Build.0 = Release|Any CPU
		{CFF2778B-048C-44CB-8076-0D39BA1246BC}.Debug|Any CPU.ActiveCfg = Debug|Any CPU
		{CFF2778B-048C-44CB-8076-0D39BA1246BC}.Debug|Any CPU.Build.0 = Debug|Any CPU
		{CFF2778B-048C-44CB-8076-0D39BA1246BC}.Release|Any CPU.ActiveCfg = Release|Any CPU
		{CFF2778B-048C-44CB-8076-0D39BA1246BC}.Release|Any CPU.Build.0 = Release|Any CPU
		{042F7F3B-4344-421F-AB8B-D1B3CF9A5EF3}.Debug|Any CPU.ActiveCfg = Debug|Any CPU
		{042F7F3B-4344-421F-AB8B-D1B3CF9A5EF3}.Debug|Any CPU.Build.0 = Debug|Any CPU
		{042F7F3B-4344-421F-AB8B-D1B3CF9A5EF3}.Release|Any CPU.ActiveCfg = Release|Any CPU
		{042F7F3B-4344-421F-AB8B-D1B3CF9A5EF3}.Release|Any CPU.Build.0 = Release|Any CPU
		{92C2B5C5-F2C2-405F-846C-93261E89F6B5}.Debug|Any CPU.ActiveCfg = Debug|Any CPU
		{92C2B5C5-F2C2-405F-846C-93261E89F6B5}.Debug|Any CPU.Build.0 = Debug|Any CPU
		{92C2B5C5-F2C2-405F-846C-93261E89F6B5}.Release|Any CPU.ActiveCfg = Release|Any CPU
		{92C2B5C5-F2C2-405F-846C-93261E89F6B5}.Release|Any CPU.Build.0 = Release|Any CPU
		{83E0CAD7-7D6D-4EA3-874F-83671FF65509}.Debug|Any CPU.ActiveCfg = Debug|Any CPU
		{83E0CAD7-7D6D-4EA3-874F-83671FF65509}.Debug|Any CPU.Build.0 = Debug|Any CPU
		{83E0CAD7-7D6D-4EA3-874F-83671FF65509}.Release|Any CPU.ActiveCfg = Release|Any CPU
		{83E0CAD7-7D6D-4EA3-874F-83671FF65509}.Release|Any CPU.Build.0 = Release|Any CPU
	EndGlobalSection
	GlobalSection(SolutionProperties) = preSolution
		HideSolutionNode = FALSE
	EndGlobalSection
	GlobalSection(ExtensibilityGlobals) = postSolution
		SolutionGuid = {BEF9F621-C3A4-4AFB-9AB6-EB67333AFBF7}
	EndGlobalSection
EndGlobal
