
Microsoft Visual Studio Solution File, Format Version 12.00
# Visual Studio Version 17
VisualStudioVersion = 17.14.36221.1 d17.14
MinimumVisualStudioVersion = 10.0.40219.1
Project("{FAE04EC0-301F-11D3-BF4B-00C04F79EFBC}") = "One-Dimensional Array", "One-Dimensional Array\One-Dimensional Array.csproj", "{E6411EC3-8830-4867-9C70-9577DB78DD38}"
EndProject
Project("{FAE04EC0-301F-11D3-BF4B-00C04F79EFBC}") = "Two-Dimensional Array", "Two-Dimensional Array\Two-Dimensional Array.csproj", "{71E50115-07E3-48F8-9D60-A6C71402B6C7}"
EndProject
Project("{FAE04EC0-301F-11D3-BF4B-00C04F79EFBC}") = "String Manipulation", "String Manipulation\String Manipulation.csproj", "{E35F9BC0-132D-4F6C-A9E5-BCC031ABF91C}"
EndProject
Project("{FAE04EC0-301F-11D3-BF4B-00C04F79EFBC}") = "Jagged Array", "Jagged Array\Jagged Array.csproj", "{B97C2FDF-0B45-4090-BB73-C29A83326E51}"
EndProject
Global
	GlobalSection(SolutionConfigurationPlatforms) = preSolution
		Debug|Any CPU = Debug|Any CPU
		Release|Any CPU = Release|Any CPU
	EndGlobalSection
	GlobalSection(ProjectConfigurationPlatforms) = postSolution
		{E6411EC3-8830-4867-9C70-9577DB78DD38}.Debug|Any CPU.ActiveCfg = Debug|Any CPU
		{E6411EC3-8830-4867-9C70-9577DB78DD38}.Debug|Any CPU.Build.0 = Debug|Any CPU
		{E6411EC3-8830-4867-9C70-9577DB78DD38}.Release|Any CPU.ActiveCfg = Release|Any CPU
		{E6411EC3-8830-4867-9C70-9577DB78DD38}.Release|Any CPU.Build.0 = Release|Any CPU
		{71E50115-07E3-48F8-9D60-A6C71402B6C7}.Debug|Any CPU.ActiveCfg = Debug|Any CPU
		{71E50115-07E3-48F8-9D60-A6C71402B6C7}.Debug|Any CPU.Build.0 = Debug|Any CPU
		{71E50115-07E3-48F8-9D60-A6C71402B6C7}.Release|Any CPU.ActiveCfg = Release|Any CPU
		{71E50115-07E3-48F8-9D60-A6C71402B6C7}.Release|Any CPU.Build.0 = Release|Any CPU
		{E35F9BC0-132D-4F6C-A9E5-BCC031ABF91C}.Debug|Any CPU.ActiveCfg = Debug|Any CPU
		{E35F9BC0-132D-4F6C-A9E5-BCC031ABF91C}.Debug|Any CPU.Build.0 = Debug|Any CPU
		{E35F9BC0-132D-4F6C-A9E5-BCC031ABF91C}.Release|Any CPU.ActiveCfg = Release|Any CPU
		{E35F9BC0-132D-4F6C-A9E5-BCC031ABF91C}.Release|Any CPU.Build.0 = Release|Any CPU
		{B97C2FDF-0B45-4090-BB73-C29A83326E51}.Debug|Any CPU.ActiveCfg = Debug|Any CPU
		{B97C2FDF-0B45-4090-BB73-C29A83326E51}.Debug|Any CPU.Build.0 = Debug|Any CPU
		{B97C2FDF-0B45-4090-BB73-C29A83326E51}.Release|Any CPU.ActiveCfg = Release|Any CPU
		{B97C2FDF-0B45-4090-BB73-C29A83326E51}.Release|Any CPU.Build.0 = Release|Any CPU
	EndGlobalSection
	GlobalSection(SolutionProperties) = preSolution
		HideSolutionNode = FALSE
	EndGlobalSection
	GlobalSection(ExtensibilityGlobals) = postSolution
		SolutionGuid = {F0ACC1FE-FC9B-4DCB-9880-CF2B6F3A1DD8}
	EndGlobalSection
EndGlobal
